
Microsoft Visual Studio Solution File, Format Version 12.00
# Visual Studio Version 17
VisualStudioVersion = 17.0.31903.59
MinimumVisualStudioVersion = 10.0.40219.1
Project("{2150E333-8FDC-42A3-9474-1A3956D46DE8}") = "src", "src", "{827E0CD3-B72D-47B6-A68D-7590B98EB39B}"
EndProject
Project("{FAE04EC0-301F-11D3-BF4B-00C04F79EFBC}") = "JobTracker.Domain", "src\JobTracker.Domain\JobTracker.Domain.csproj", "{C55C3B09-9554-4580-B4EE-B5D8CB5B2C75}"
EndProject
Project("{FAE04EC0-301F-11D3-BF4B-00C04F79EFBC}") = "JobTracker.Application", "src\JobTracker.Application\JobTracker.Application.csproj", "{8425C9CA-0207-424F-A9A9-B40DD0BB5A08}"
EndProject
Project("{FAE04EC0-301F-11D3-BF4B-00C04F79EFBC}") = "JobTracker.Infrastructure", "src\JobTracker.Infrastructure\JobTracker.Infrastructure.csproj", "{9694B061-91BA-458E-AC0A-D8A5134C64EB}"
EndProject
Project("{FAE04EC0-301F-11D3-BF4B-00C04F79EFBC}") = "JobTracker.Api", "src\JobTracker.Api\JobTracker.Api.csproj", "{2E9F9DF8-9F84-4E44-90C4-5545B3A768DF}"
EndProject
Project("{2150E333-8FDC-42A3-9474-1A3956D46DE8}") = "tests", "tests", "{0AB3BF05-4346-4AA6-1389-037BE0695223}"
EndProject
Project("{FAE04EC0-301F-11D3-BF4B-00C04F79EFBC}") = "JobTracker.UnitTests", "tests\JobTracker.UnitTests\JobTracker.UnitTests.csproj", "{733ADB75-9132-43CE-88C2-7CCA74301716}"
EndProject
Project("{FAE04EC0-301F-11D3-BF4B-00C04F79EFBC}") = "JobTracker.IntegrationTests", "tests\JobTracker.IntegrationTests\JobTracker.IntegrationTests.csproj", "{FF744C14-235D-48C6-923A-65C923FCBEDA}"
EndProject
Global
	GlobalSection(SolutionConfigurationPlatforms) = preSolution
		Debug|Any CPU = Debug|Any CPU
		Debug|x64 = Debug|x64
		Debug|x86 = Debug|x86
		Release|Any CPU = Release|Any CPU
		Release|x64 = Release|x64
		Release|x86 = Release|x86
	EndGlobalSection
	GlobalSection(ProjectConfigurationPlatforms) = postSolution
		{C55C3B09-9554-4580-B4EE-B5D8CB5B2C75}.Debug|Any CPU.ActiveCfg = Debug|Any CPU
		{C55C3B09-9554-4580-B4EE-B5D8CB5B2C75}.Debug|Any CPU.Build.0 = Debug|Any CPU
		{C55C3B09-9554-4580-B4EE-B5D8CB5B2C75}.Debug|x64.ActiveCfg = Debug|Any CPU
		{C55C3B09-9554-4580-B4EE-B5D8CB5B2C75}.Debug|x64.Build.0 = Debug|Any CPU
		{C55C3B09-9554-4580-B4EE-B5D8CB5B2C75}.Debug|x86.ActiveCfg = Debug|Any CPU
		{C55C3B09-9554-4580-B4EE-B5D8CB5B2C75}.Debug|x86.Build.0 = Debug|Any CPU
		{C55C3B09-9554-4580-B4EE-B5D8CB5B2C75}.Release|Any CPU.ActiveCfg = Release|Any CPU
		{C55C3B09-9554-4580-B4EE-B5D8CB5B2C75}.Release|Any CPU.Build.0 = Release|Any CPU
		{C55C3B09-9554-4580-B4EE-B5D8CB5B2C75}.Release|x64.ActiveCfg = Release|Any CPU
		{C55C3B09-9554-4580-B4EE-B5D8CB5B2C75}.Release|x64.Build.0 = Release|Any CPU
		{C55C3B09-9554-4580-B4EE-B5D8CB5B2C75}.Release|x86.ActiveCfg = Release|Any CPU
		{C55C3B09-9554-4580-B4EE-B5D8CB5B2C75}.Release|x86.Build.0 = Release|Any CPU
		{8425C9CA-0207-424F-A9A9-B40DD0BB5A08}.Debug|Any CPU.ActiveCfg = Debug|Any CPU
		{8425C9CA-0207-424F-A9A9-B40DD0BB5A08}.Debug|Any CPU.Build.0 = Debug|Any CPU
		{8425C9CA-0207-424F-A9A9-B40DD0BB5A08}.Debug|x64.ActiveCfg = Debug|Any CPU
		{8425C9CA-0207-424F-A9A9-B40DD0BB5A08}.Debug|x64.Build.0 = Debug|Any CPU
		{8425C9CA-0207-424F-A9A9-B40DD0BB5A08}.Debug|x86.ActiveCfg = Debug|Any CPU
		{8425C9CA-0207-424F-A9A9-B40DD0BB5A08}.Debug|x86.Build.0 = Debug|Any CPU
		{8425C9CA-0207-424F-A9A9-B40DD0BB5A08}.Release|Any CPU.ActiveCfg = Release|Any CPU
		{8425C9CA-0207-424F-A9A9-B40DD0BB5A08}.Release|Any CPU.Build.0 = Release|Any CPU
		{8425C9CA-0207-424F-A9A9-B40DD0BB5A08}.Release|x64.ActiveCfg = Release|Any CPU
		{8425C9CA-0207-424F-A9A9-B40DD0BB5A08}.Release|x64.Build.0 = Release|Any CPU
		{8425C9CA-0207-424F-A9A9-B40DD0BB5A08}.Release|x86.ActiveCfg = Release|Any CPU
		{8425C9CA-0207-424F-A9A9-B40DD0BB5A08}.Release|x86.Build.0 = Release|Any CPU
		{9694B061-91BA-458E-AC0A-D8A5134C64EB}.Debug|Any CPU.ActiveCfg = Debug|Any CPU
		{9694B061-91BA-458E-AC0A-D8A5134C64EB}.Debug|Any CPU.Build.0 = Debug|Any CPU
		{9694B061-91BA-458E-AC0A-D8A5134C64EB}.Debug|x64.ActiveCfg = Debug|Any CPU
		{9694B061-91BA-458E-AC0A-D8A5134C64EB}.Debug|x64.Build.0 = Debug|Any CPU
		{9694B061-91BA-458E-AC0A-D8A5134C64EB}.Debug|x86.ActiveCfg = Debug|Any CPU
		{9694B061-91BA-458E-AC0A-D8A5134C64EB}.Debug|x86.Build.0 = Debug|Any CPU
		{9694B061-91BA-458E-AC0A-D8A5134C64EB}.Release|Any CPU.ActiveCfg = Release|Any CPU
		{9694B061-91BA-458E-AC0A-D8A5134C64EB}.Release|Any CPU.Build.0 = Release|Any CPU
		{9694B061-91BA-458E-AC0A-D8A5134C64EB}.Release|x64.ActiveCfg = Release|Any CPU
		{9694B061-91BA-458E-AC0A-D8A5134C64EB}.Release|x64.Build.0 = Release|Any CPU
		{9694B061-91BA-458E-AC0A-D8A5134C64EB}.Release|x86.ActiveCfg = Release|Any CPU
		{9694B061-91BA-458E-AC0A-D8A5134C64EB}.Release|x86.Build.0 = Release|Any CPU
		{2E9F9DF8-9F84-4E44-90C4-5545B3A768DF}.Debug|Any CPU.ActiveCfg = Debug|Any CPU
		{2E9F9DF8-9F84-4E44-90C4-5545B3A768DF}.Debug|Any CPU.Build.0 = Debug|Any CPU
		{2E9F9DF8-9F84-4E44-90C4-5545B3A768DF}.Debug|x64.ActiveCfg = Debug|Any CPU
		{2E9F9DF8-9F84-4E44-90C4-5545B3A768DF}.Debug|x64.Build.0 = Debug|Any CPU
		{2E9F9DF8-9F84-4E44-90C4-5545B3A768DF}.Debug|x86.ActiveCfg = Debug|Any CPU
		{2E9F9DF8-9F84-4E44-90C4-5545B3A768DF}.Debug|x86.Build.0 = Debug|Any CPU
		{2E9F9DF8-9F84-4E44-90C4-5545B3A768DF}.Release|Any CPU.ActiveCfg = Release|Any CPU
		{2E9F9DF8-9F84-4E44-90C4-5545B3A768DF}.Release|Any CPU.Build.0 = Release|Any CPU
		{2E9F9DF8-9F84-4E44-90C4-5545B3A768DF}.Release|x64.ActiveCfg = Release|Any CPU
		{2E9F9DF8-9F84-4E44-90C4-5545B3A768DF}.Release|x64.Build.0 = Release|Any CPU
		{2E9F9DF8-9F84-4E44-90C4-5545B3A768DF}.Release|x86.ActiveCfg = Release|Any CPU
		{2E9F9DF8-9F84-4E44-90C4-5545B3A768DF}.Release|x86.Build.0 = Release|Any CPU
		{733ADB75-9132-43CE-88C2-7CCA74301716}.Debug|Any CPU.ActiveCfg = Debug|Any CPU
		{733ADB75-9132-43CE-88C2-7CCA74301716}.Debug|Any CPU.Build.0 = Debug|Any CPU
		{733ADB75-9132-43CE-88C2-7CCA74301716}.Debug|x64.ActiveCfg = Debug|Any CPU
		{733ADB75-9132-43CE-88C2-7CCA74301716}.Debug|x64.Build.0 = Debug|Any CPU
		{733ADB75-9132-43CE-88C2-7CCA74301716}.Debug|x86.ActiveCfg = Debug|Any CPU
		{733ADB75-9132-43CE-88C2-7CCA74301716}.Debug|x86.Build.0 = Debug|Any CPU
		{733ADB75-9132-43CE-88C2-7CCA74301716}.Release|Any CPU.ActiveCfg = Release|Any CPU
		{733ADB75-9132-43CE-88C2-7CCA74301716}.Release|Any CPU.Build.0 = Release|Any CPU
		{733ADB75-9132-43CE-88C2-7CCA74301716}.Release|x64.ActiveCfg = Release|Any CPU
		{733ADB75-9132-43CE-88C2-7CCA74301716}.Release|x64.Build.0 = Release|Any CPU
		{733ADB75-9132-43CE-88C2-7CCA74301716}.Release|x86.ActiveCfg = Release|Any CPU
		{733ADB75-9132-43CE-88C2-7CCA74301716}.Release|x86.Build.0 = Release|Any CPU
		{FF744C14-235D-48C6-923A-65C923FCBEDA}.Debug|Any CPU.ActiveCfg = Debug|Any CPU
		{FF744C14-235D-48C6-923A-65C923FCBEDA}.Debug|Any CPU.Build.0 = Debug|Any CPU
		{FF744C14-235D-48C6-923A-65C923FCBEDA}.Debug|x64.ActiveCfg = Debug|Any CPU
		{FF744C14-235D-48C6-923A-65C923FCBEDA}.Debug|x64.Build.0 = Debug|Any CPU
		{FF744C14-235D-48C6-923A-65C923FCBEDA}.Debug|x86.ActiveCfg = Debug|Any CPU
		{FF744C14-235D-48C6-923A-65C923FCBEDA}.Debug|x86.Build.0 = Debug|Any CPU
		{FF744C14-235D-48C6-923A-65C923FCBEDA}.Release|Any CPU.ActiveCfg = Release|Any CPU
		{FF744C14-235D-48C6-923A-65C923FCBEDA}.Release|Any CPU.Build.0 = Release|Any CPU
		{FF744C14-235D-48C6-923A-65C923FCBEDA}.Release|x64.ActiveCfg = Release|Any CPU
		{FF744C14-235D-48C6-923A-65C923FCBEDA}.Release|x64.Build.0 = Release|Any CPU
		{FF744C14-235D-48C6-923A-65C923FCBEDA}.Release|x86.ActiveCfg = Release|Any CPU
		{FF744C14-235D-48C6-923A-65C923FCBEDA}.Release|x86.Build.0 = Release|Any CPU
	EndGlobalSection
	GlobalSection(SolutionProperties) = preSolution
		HideSolutionNode = FALSE
	EndGlobalSection
	GlobalSection(NestedProjects) = preSolution
		{C55C3B09-9554-4580-B4EE-B5D8CB5B2C75} = {827E0CD3-B72D-47B6-A68D-7590B98EB39B}
		{8425C9CA-0207-424F-A9A9-B40DD0BB5A08} = {827E0CD3-B72D-47B6-A68D-7590B98EB39B}
		{9694B061-91BA-458E-AC0A-D8A5134C64EB} = {827E0CD3-B72D-47B6-A68D-7590B98EB39B}
		{2E9F9DF8-9F84-4E44-90C4-5545B3A768DF} = {827E0CD3-B72D-47B6-A68D-7590B98EB39B}
		{733ADB75-9132-43CE-88C2-7CCA74301716} = {0AB3BF05-4346-4AA6-1389-037BE0695223}
		{FF744C14-235D-48C6-923A-65C923FCBEDA} = {0AB3BF05-4346-4AA6-1389-037BE0695223}
	EndGlobalSection
EndGlobal
